
Microsoft Visual Studio Solution File, Format Version 12.00
# Visual Studio Version 17
VisualStudioVersion = 17.5.33627.172
MinimumVisualStudioVersion = 10.0.40219.1
Project("{FAE04EC0-301F-11D3-BF4B-00C04F79EFBC}") = "MyProject", "MyProject\MyProject.csproj", "{379715DE-1C82-4B88-9496-9C423EEE044C}"
EndProject
Global
	GlobalSection(SolutionConfigurationPlatforms) = preSolution
		Debug|Any CPU = Debug|Any CPU
		Release|Any CPU = Release|Any CPU
	EndGlobalSection
	GlobalSection(ProjectConfigurationPlatforms) = postSolution
		{379715DE-1C82-4B88-9496-9C423EEE044C}.Debug|Any CPU.ActiveCfg = Debug|Any CPU
		{379715DE-1C82-4B88-9496-9C423EEE044C}.Debug|Any CPU.Build.0 = Debug|Any CPU
		{379715DE-1C82-4B88-9496-9C423EEE044C}.Release|Any CPU.ActiveCfg = Release|Any CPU
		{379715DE-1C82-4B88-9496-9C423EEE044C}.Release|Any CPU.Build.0 = Release|Any CPU
	EndGlobalSection
	GlobalSection(SolutionProperties) = preSolution
		HideSolutionNode = FALSE
	EndGlobalSection
	GlobalSection(ExtensibilityGlobals) = postSolution
		SolutionGuid = {9D89059C-179D-437E-9E61-1980E9887A9F}
	EndGlobalSection
EndGlobal
